
Microsoft Visual Studio Solution File, Format Version 12.00
# Visual Studio Version 17
VisualStudioVersion = 17.7.34202.233
MinimumVisualStudioVersion = 10.0.40219.1
Project("{FAE04EC0-301F-11D3-BF4B-00C04F79EFBC}") = "NZWalks.API", "NZWalks.API\NZWalks.API.csproj", "{248F34FF-1F16-4D23-B156-A119DA198EAB}"
EndProject
Global
	GlobalSection(SolutionConfigurationPlatforms) = preSolution
		Debug|Any CPU = Debug|Any CPU
		Release|Any CPU = Release|Any CPU
	EndGlobalSection
	GlobalSection(ProjectConfigurationPlatforms) = postSolution
		{248F34FF-1F16-4D23-B156-A119DA198EAB}.Debug|Any CPU.ActiveCfg = Debug|Any CPU
		{248F34FF-1F16-4D23-B156-A119DA198EAB}.Debug|Any CPU.Build.0 = Debug|Any CPU
		{248F34FF-1F16-4D23-B156-A119DA198EAB}.Release|Any CPU.ActiveCfg = Release|Any CPU
		{248F34FF-1F16-4D23-B156-A119DA198EAB}.Release|Any CPU.Build.0 = Release|Any CPU
	EndGlobalSection
	GlobalSection(SolutionProperties) = preSolution
		HideSolutionNode = FALSE
	EndGlobalSection
	GlobalSection(ExtensibilityGlobals) = postSolution
		SolutionGuid = {DDBB5354-FD5D-4430-A6C0-6B583BBF44C6}
	EndGlobalSection
EndGlobal
